# This file is automatically @generated by Cargo.
# It is not intended for manual editing.
version = 3

[[package]]
name = "cfg-if"
version = "0.1.10"
source = "registry+https://github.com/rust-lang/crates.io-index"
checksum = "4785bdd1c96b2a846b2bd7cc02e86b6b3dbf14e7e53446c4f54c92a361040822"

[[package]]
name = "getrandom"
version = "0.2.99"
source = "git+https://github.com/Raytwo/getrandom#10d77ef1b8cc7ffd8fce2a7ea22f5be218c4facd"
dependencies = [
 "cfg-if",
 "libc",
 "skyline 0.2.1 (git+https://github.com/ultimate-research/skyline-rs.git)",
 "wasi",
]

[[package]]
name = "lazy_static"
version = "1.4.0"
source = "registry+https://github.com/rust-lang/crates.io-index"
checksum = "e2abad23fbc42b3700f2f279844dc832adb2b2eb069b2df918f455c4e18cc646"

[[package]]
name = "libc"
version = "0.2.144"
source = "registry+https://github.com/rust-lang/crates.io-index"
checksum = "2b00cc1c228a6782d0f076e7b232802e0c5689d41bb5df366f2a6b6621cfdfe1"

[[package]]
name = "libc-nnsdk"
version = "0.2.0"
source = "registry+https://github.com/rust-lang/crates.io-index"
checksum = "6823e4bff6dee10a75dfee95afe1c5a7f93a1b99a20013663e0cb04b3a64f867"

[[package]]
name = "libc-nnsdk"
version = "0.3.0"
source = "registry+https://github.com/rust-lang/crates.io-index"
checksum = "99102e4669e461772fcdfeb04ce9dec03c5fade700a3c12b1a4c2a27d97e9b68"

[[package]]
name = "nnsdk"
version = "0.2.0"
source = "registry+https://github.com/rust-lang/crates.io-index"
checksum = "e0f4537c7470ba25f406d42c8cbfe26f64099af4b613e715c6bcb3d25856896c"
dependencies = [
 "libc-nnsdk 0.2.0",
]

[[package]]
name = "nnsdk"
version = "0.3.0"
source = "registry+https://github.com/rust-lang/crates.io-index"
checksum = "df4385052e8e8252e9a6b87282f74e94fca6ab074cdc1415d4ad5c4cc3920fe3"
dependencies = [
 "libc-nnsdk 0.3.0",
]

[[package]]
name = "nnsdk"
version = "0.3.0"
source = "git+https://github.com/ultimate-research/nnsdk-rs#99cf632f97647baef39c71edabd8d8fd778ce73f"
dependencies = [
 "libc-nnsdk 0.3.0",
]

[[package]]
name = "ppv-lite86"
version = "0.2.17"
source = "registry+https://github.com/rust-lang/crates.io-index"
checksum = "5b40af805b3121feab8a3c29f04d8ad262fa8e0561883e7653e024ae4479e6de"

[[package]]
name = "proc-macro2"
version = "1.0.58"
source = "registry+https://github.com/rust-lang/crates.io-index"
checksum = "fa1fb82fc0c281dd9671101b66b771ebbe1eaf967b96ac8740dcba4b70005ca8"
dependencies = [
 "unicode-ident",
]

[[package]]
name = "quote"
version = "1.0.27"
source = "registry+https://github.com/rust-lang/crates.io-index"
checksum = "8f4f29d145265ec1c483c7c654450edde0bfe043d3938d6972630663356d9500"
dependencies = [
 "proc-macro2",
]

[[package]]
name = "rand"
version = "0.7.4"
source = "git+https://github.com/skyline-rs/rand#8e87ec2a30ef2283888b2456b8ea65ea5110f2bd"
dependencies = [
 "libc",
 "rand_chacha",
 "rand_core",
 "rand_hc",
]

[[package]]
name = "rand_chacha"
version = "0.2.3"
source = "git+https://github.com/skyline-rs/rand#8e87ec2a30ef2283888b2456b8ea65ea5110f2bd"
dependencies = [
 "ppv-lite86",
 "rand_core",
]

[[package]]
name = "rand_core"
version = "0.5.1"
source = "git+https://github.com/skyline-rs/rand#8e87ec2a30ef2283888b2456b8ea65ea5110f2bd"
dependencies = [
 "getrandom",
]

[[package]]
name = "rand_hc"
version = "0.2.1"
source = "git+https://github.com/skyline-rs/rand#8e87ec2a30ef2283888b2456b8ea65ea5110f2bd"
dependencies = [
 "rand_core",
]

[[package]]
name = "skyline"
version = "0.2.1"
source = "registry+https://github.com/rust-lang/crates.io-index"
checksum = "9950fc129490cff3f4755aa523df16aeeb80130699abfc59cc7c6df8fc5802ad"
dependencies = [
 "libc-nnsdk 0.2.0",
 "nnsdk 0.2.0",
 "skyline_macro 0.2.0 (registry+https://github.com/rust-lang/crates.io-index)",
]

[[package]]
name = "skyline"
version = "0.2.1"
source = "git+https://github.com/ultimate-research/skyline-rs.git#9bc51b01ff7d10026f683b2e382e5010fa8d5b7a"
dependencies = [
 "libc-nnsdk 0.2.0",
 "nnsdk 0.3.0 (registry+https://github.com/rust-lang/crates.io-index)",
 "skyline_macro 0.2.0 (git+https://github.com/ultimate-research/skyline-rs.git)",
]

[[package]]
name = "skyline_macro"
version = "0.2.0"
source = "registry+https://github.com/rust-lang/crates.io-index"
checksum = "9194b20ee17c1de2ed299cfd9b8b56160a35b5579b3273c416ab4e5c058844dc"
dependencies = [
 "lazy_static",
 "proc-macro2",
 "quote",
 "syn",
]

[[package]]
name = "skyline_macro"
version = "0.2.0"
source = "git+https://github.com/ultimate-research/skyline-rs.git#9bc51b01ff7d10026f683b2e382e5010fa8d5b7a"
dependencies = [
 "lazy_static",
 "proc-macro2",
 "quote",
 "syn",
]

[[package]]
name = "syn"
version = "1.0.109"
source = "registry+https://github.com/rust-lang/crates.io-index"
checksum = "72b64191b275b66ffe2469e8af2c1cfe3bafa67b529ead792a6d0160888b4237"
dependencies = [
 "proc-macro2",
 "quote",
 "unicode-ident",
]

[[package]]
name = "totk-test"
version = "0.1.0"
dependencies = [
 "nnsdk 0.3.0 (git+https://github.com/ultimate-research/nnsdk-rs)",
 "rand",
 "skyline 0.2.1 (registry+https://github.com/rust-lang/crates.io-index)",
]

[[package]]
name = "unicode-ident"
version = "1.0.8"
source = "registry+https://github.com/rust-lang/crates.io-index"
checksum = "e5464a87b239f13a63a501f2701565754bae92d243d4bb7eb12f6d57d2269bf4"

[[package]]
name = "wasi"
version = "0.9.0+wasi-snapshot-preview1"
source = "registry+https://github.com/rust-lang/crates.io-index"
checksum = "cccddf32554fecc6acb585f82a32a72e28b48f8c4c1883ddfeeeaa96f7d8e519"
